
Microsoft Visual Studio Solution File, Format Version 12.00
# Visual Studio Version 16
VisualStudioVersion = 25.0.1706.4
MinimumVisualStudioVersion = 10.0.40219.1
Project("{FAE04EC0-301F-11D3-BF4B-00C04F79EFBC}") = "FilmApi", "FilmApi\FilmApi.csproj", "{769F8E48-C51D-47CA-932E-037FD1CF5F8F}"
EndProject
Global
	GlobalSection(SolutionConfigurationPlatforms) = preSolution
		Debug|Any CPU = Debug|Any CPU
		Release|Any CPU = Release|Any CPU
	EndGlobalSection
	GlobalSection(ProjectConfigurationPlatforms) = postSolution
		{769F8E48-C51D-47CA-932E-037FD1CF5F8F}.Debug|Any CPU.ActiveCfg = Debug|Any CPU
		{769F8E48-C51D-47CA-932E-037FD1CF5F8F}.Debug|Any CPU.Build.0 = Debug|Any CPU
		{769F8E48-C51D-47CA-932E-037FD1CF5F8F}.Release|Any CPU.ActiveCfg = Release|Any CPU
		{769F8E48-C51D-47CA-932E-037FD1CF5F8F}.Release|Any CPU.Build.0 = Release|Any CPU
	EndGlobalSection
	GlobalSection(SolutionProperties) = preSolution
		HideSolutionNode = FALSE
	EndGlobalSection
	GlobalSection(ExtensibilityGlobals) = postSolution
		SolutionGuid = {B2FE6770-3B8C-4975-ACB1-AFBD4640BFF1}
	EndGlobalSection
EndGlobal
